// !$*UTF8*$!
{
	archiveVersion = 1;
	classes = {
	};
	objectVersion = 46;
	objects = {

/* Begin PBXBuildFile section */
		1F04CFCC192C875E002516D2 /* PageContentViewController.m in Sources */ = {isa = PBXBuildFile; fileRef = 1F04CFCB192C875E002516D2 /* PageContentViewController.m */; };
		1F129A2619333F8B00BAD7CE /* AppContext.m in Sources */ = {isa = PBXBuildFile; fileRef = 1F129A2519333F8B00BAD7CE /* AppContext.m */; };
		1F129A2F1933730200BAD7CE /* CitiesSaved.m in Sources */ = {isa = PBXBuildFile; fileRef = 1F129A2E1933730200BAD7CE /* CitiesSaved.m */; };
		1F129A351933735800BAD7CE /* CityTemperature.m in Sources */ = {isa = PBXBuildFile; fileRef = 1F129A341933735800BAD7CE /* CityTemperature.m */; };
		1F129A3E193382EC00BAD7CE /* WeatherList.m in Sources */ = {isa = PBXBuildFile; fileRef = 1F129A3D193382EC00BAD7CE /* WeatherList.m */; };
		1F319F91192F30C4005988AB /* CityList.m in Sources */ = {isa = PBXBuildFile; fileRef = 1F319F90192F30C4005988AB /* CityList.m */; };
		1F319F95192F5A85005988AB /* UILocationSearchNavViewController.m in Sources */ = {isa = PBXBuildFile; fileRef = 1F319F94192F5A85005988AB /* UILocationSearchNavViewController.m */; };
		1F319F98192F6082005988AB /* WeatherData.xcdatamodeld in Sources */ = {isa = PBXBuildFile; fileRef = 1F319F96192F6082005988AB /* WeatherData.xcdatamodeld */; };
		1F319FDC192F6394005988AB /* CoreData.framework in Frameworks */ = {isa = PBXBuildFile; fileRef = 1F319FDB192F6394005988AB /* CoreData.framework */; };
		1F4F6897192DD7F200AA0DE0 /* Temperature.m in Sources */ = {isa = PBXBuildFile; fileRef = 1F4F6896192DD7F200AA0DE0 /* Temperature.m */; };
		1F4F689B192DD8A700AA0DE0 /* Weather.m in Sources */ = {isa = PBXBuildFile; fileRef = 1F4F689A192DD8A700AA0DE0 /* Weather.m */; };
		1F4F689E192DD90200AA0DE0 /* List.m in Sources */ = {isa = PBXBuildFile; fileRef = 1F4F689D192DD90200AA0DE0 /* List.m */; };
		1F5783EC192B6E8000F22C87 /* Foundation.framework in Frameworks */ = {isa = PBXBuildFile; fileRef = 1F5783EB192B6E8000F22C87 /* Foundation.framework */; };
		1F5783EE192B6E8000F22C87 /* CoreGraphics.framework in Frameworks */ = {isa = PBXBuildFile; fileRef = 1F5783ED192B6E8000F22C87 /* CoreGraphics.framework */; };
		1F5783F0192B6E8000F22C87 /* UIKit.framework in Frameworks */ = {isa = PBXBuildFile; fileRef = 1F5783EF192B6E8000F22C87 /* UIKit.framework */; };
		1F5783F6192B6E8000F22C87 /* InfoPlist.strings in Resources */ = {isa = PBXBuildFile; fileRef = 1F5783F4192B6E8000F22C87 /* InfoPlist.strings */; };
		1F5783F8192B6E8000F22C87 /* main.m in Sources */ = {isa = PBXBuildFile; fileRef = 1F5783F7192B6E8000F22C87 /* main.m */; };
		1F5783FC192B6E8000F22C87 /* AppDelegate.m in Sources */ = {isa = PBXBuildFile; fileRef = 1F5783FB192B6E8000F22C87 /* AppDelegate.m */; };
		1F5783FF192B6E8000F22C87 /* Main.storyboard in Resources */ = {isa = PBXBuildFile; fileRef = 1F5783FD192B6E8000F22C87 /* Main.storyboard */; };
		1F578402192B6E8000F22C87 /* ViewController.m in Sources */ = {isa = PBXBuildFile; fileRef = 1F578401192B6E8000F22C87 /* ViewController.m */; };
		1F578404192B6E8000F22C87 /* Images.xcassets in Resources */ = {isa = PBXBuildFile; fileRef = 1F578403192B6E8000F22C87 /* Images.xcassets */; };
		1F57840B192B6E8000F22C87 /* XCTest.framework in Frameworks */ = {isa = PBXBuildFile; fileRef = 1F57840A192B6E8000F22C87 /* XCTest.framework */; };
		1F57840C192B6E8000F22C87 /* Foundation.framework in Frameworks */ = {isa = PBXBuildFile; fileRef = 1F5783EB192B6E8000F22C87 /* Foundation.framework */; };
		1F57840D192B6E8000F22C87 /* UIKit.framework in Frameworks */ = {isa = PBXBuildFile; fileRef = 1F5783EF192B6E8000F22C87 /* UIKit.framework */; };
		1F578415192B6E8000F22C87 /* InfoPlist.strings in Resources */ = {isa = PBXBuildFile; fileRef = 1F578413192B6E8000F22C87 /* InfoPlist.strings */; };
		1F578417192B6E8000F22C87 /* myWeatherAppTests.m in Sources */ = {isa = PBXBuildFile; fileRef = 1F578416192B6E8000F22C87 /* myWeatherAppTests.m */; };
		1F5E2A4E192F1B42000C91E1 /* CitysCompleteForecastViewController.m in Sources */ = {isa = PBXBuildFile; fileRef = 1F5E2A4D192F1B42000C91E1 /* CitysCompleteForecastViewController.m */; };
		1F612D0F192CAFE800E691FF /* CoreLocation.framework in Frameworks */ = {isa = PBXBuildFile; fileRef = 1F612D0E192CAFE800E691FF /* CoreLocation.framework */; };
		1F612D15192CC8AE00E691FF /* setting.png in Resources */ = {isa = PBXBuildFile; fileRef = 1F612D14192CC8AE00E691FF /* setting.png */; };
		1F755899192CD0AE00DB3D21 /* LocationsViewController.m in Sources */ = {isa = PBXBuildFile; fileRef = 1F755898192CD0AE00DB3D21 /* LocationsViewController.m */; };
		1F75589D192CD64D00DB3D21 /* LocationSearchViewController.m in Sources */ = {isa = PBXBuildFile; fileRef = 1F75589C192CD64D00DB3D21 /* LocationSearchViewController.m */; };
/* End PBXBuildFile section */

/* Begin PBXContainerItemProxy section */
		1F57840E192B6E8000F22C87 /* PBXContainerItemProxy */ = {
			isa = PBXContainerItemProxy;
			containerPortal = 1F5783E0192B6E8000F22C87 /* Project object */;
			proxyType = 1;
			remoteGlobalIDString = 1F5783E7192B6E8000F22C87;
			remoteInfo = myWeatherApp;
		};
/* End PBXContainerItemProxy section */

/* Begin PBXFileReference section */
		1F04CFCA192C875E002516D2 /* PageContentViewController.h */ = {isa = PBXFileReference; fileEncoding = 4; lastKnownFileType = sourcecode.c.h; path = PageContentViewController.h; sourceTree = "<group>"; };
		1F04CFCB192C875E002516D2 /* PageContentViewController.m */ = {isa = PBXFileReference; fileEncoding = 4; lastKnownFileType = sourcecode.c.objc; path = PageContentViewController.m; sourceTree = "<group>"; };
		1F129A2419333F8B00BAD7CE /* AppContext.h */ = {isa = PBXFileReference; fileEncoding = 4; lastKnownFileType = sourcecode.c.h; name = AppContext.h; path = myWeatherApp/AppContext.h; sourceTree = "<group>"; };
		1F129A2519333F8B00BAD7CE /* AppContext.m */ = {isa = PBXFileReference; fileEncoding = 4; lastKnownFileType = sourcecode.c.objc; name = AppContext.m; path = myWeatherApp/AppContext.m; sourceTree = "<group>"; };
		1F129A2D1933730200BAD7CE /* CitiesSaved.h */ = {isa = PBXFileReference; fileEncoding = 4; lastKnownFileType = sourcecode.c.h; name = CitiesSaved.h; path = "CoreData Classes/CitiesSaved.h"; sourceTree = "<group>"; };
		1F129A2E1933730200BAD7CE /* CitiesSaved.m */ = {isa = PBXFileReference; fileEncoding = 4; lastKnownFileType = sourcecode.c.objc; name = CitiesSaved.m; path = "CoreData Classes/CitiesSaved.m"; sourceTree = "<group>"; };
		1F129A331933735800BAD7CE /* CityTemperature.h */ = {isa = PBXFileReference; fileEncoding = 4; lastKnownFileType = sourcecode.c.h; name = CityTemperature.h; path = "CoreData Classes/CityTemperature.h"; sourceTree = "<group>"; };
		1F129A341933735800BAD7CE /* CityTemperature.m */ = {isa = PBXFileReference; fileEncoding = 4; lastKnownFileType = sourcecode.c.objc; name = CityTemperature.m; path = "CoreData Classes/CityTemperature.m"; sourceTree = "<group>"; };
		1F129A3C193382EC00BAD7CE /* WeatherList.h */ = {isa = PBXFileReference; fileEncoding = 4; lastKnownFileType = sourcecode.c.h; name = WeatherList.h; path = "CoreData Classes/WeatherList.h"; sourceTree = "<group>"; };
		1F129A3D193382EC00BAD7CE /* WeatherList.m */ = {isa = PBXFileReference; fileEncoding = 4; lastKnownFileType = sourcecode.c.objc; name = WeatherList.m; path = "CoreData Classes/WeatherList.m"; sourceTree = "<group>"; };
		1F319F8F192F30C4005988AB /* CityList.h */ = {isa = PBXFileReference; fileEncoding = 4; lastKnownFileType = sourcecode.c.h; name = CityList.h; path = "JSON Objects/CityList.h"; sourceTree = "<group>"; };
		1F319F90192F30C4005988AB /* CityList.m */ = {isa = PBXFileReference; fileEncoding = 4; lastKnownFileType = sourcecode.c.objc; name = CityList.m; path = "JSON Objects/CityList.m"; sourceTree = "<group>"; };
		1F319F93192F5A85005988AB /* UILocationSearchNavViewController.h */ = {isa = PBXFileReference; fileEncoding = 4; lastKnownFileType = sourcecode.c.h; path = UILocationSearchNavViewController.h; sourceTree = "<group>"; };
		1F319F94192F5A85005988AB /* UILocationSearchNavViewController.m */ = {isa = PBXFileReference; fileEncoding = 4; lastKnownFileType = sourcecode.c.objc; path = UILocationSearchNavViewController.m; sourceTree = "<group>"; };
		1F319F97192F6082005988AB /* WeatherData.xcdatamodel */ = {isa = PBXFileReference; lastKnownFileType = wrapper.xcdatamodel; path = WeatherData.xcdatamodel; sourceTree = "<group>"; };
		1F319FDB192F6394005988AB /* CoreData.framework */ = {isa = PBXFileReference; lastKnownFileType = wrapper.framework; name = CoreData.framework; path = System/Library/Frameworks/CoreData.framework; sourceTree = SDKROOT; };
		1F4F6895192DD7F200AA0DE0 /* Temperature.h */ = {isa = PBXFileReference; fileEncoding = 4; lastKnownFileType = sourcecode.c.h; name = Temperature.h; path = "JSON Objects/Temperature.h"; sourceTree = "<group>"; };
		1F4F6896192DD7F200AA0DE0 /* Temperature.m */ = {isa = PBXFileReference; fileEncoding = 4; lastKnownFileType = sourcecode.c.objc; name = Temperature.m; path = "JSON Objects/Temperature.m"; sourceTree = "<group>"; };
		1F4F6899192DD8A700AA0DE0 /* Weather.h */ = {isa = PBXFileReference; fileEncoding = 4; lastKnownFileType = sourcecode.c.h; name = Weather.h; path = "JSON Objects/Weather.h"; sourceTree = "<group>"; };
		1F4F689A192DD8A700AA0DE0 /* Weather.m */ = {isa = PBXFileReference; fileEncoding = 4; lastKnownFileType = sourcecode.c.objc; name = Weather.m; path = "JSON Objects/Weather.m"; sourceTree = "<group>"; };
		1F4F689C192DD90200AA0DE0 /* List.h */ = {isa = PBXFileReference; fileEncoding = 4; lastKnownFileType = sourcecode.c.h; name = List.h; path = "JSON Objects/List.h"; sourceTree = "<group>"; };
		1F4F689D192DD90200AA0DE0 /* List.m */ = {isa = PBXFileReference; fileEncoding = 4; lastKnownFileType = sourcecode.c.objc; name = List.m; path = "JSON Objects/List.m"; sourceTree = "<group>"; };
		1F5783E8192B6E8000F22C87 /* myWeatherApp.app */ = {isa = PBXFileReference; explicitFileType = wrapper.application; includeInIndex = 0; path = myWeatherApp.app; sourceTree = BUILT_PRODUCTS_DIR; };
		1F5783EB192B6E8000F22C87 /* Foundation.framework */ = {isa = PBXFileReference; lastKnownFileType = wrapper.framework; name = Foundation.framework; path = System/Library/Frameworks/Foundation.framework; sourceTree = SDKROOT; };
		1F5783ED192B6E8000F22C87 /* CoreGraphics.framework */ = {isa = PBXFileReference; lastKnownFileType = wrapper.framework; name = CoreGraphics.framework; path = System/Library/Frameworks/CoreGraphics.framework; sourceTree = SDKROOT; };
		1F5783EF192B6E8000F22C87 /* UIKit.framework */ = {isa = PBXFileReference; lastKnownFileType = wrapper.framework; name = UIKit.framework; path = System/Library/Frameworks/UIKit.framework; sourceTree = SDKROOT; };
		1F5783F3192B6E8000F22C87 /* myWeatherApp-Info.plist */ = {isa = PBXFileReference; lastKnownFileType = text.plist.xml; path = "myWeatherApp-Info.plist"; sourceTree = "<group>"; };
		1F5783F5192B6E8000F22C87 /* en */ = {isa = PBXFileReference; lastKnownFileType = text.plist.strings; name = en; path = en.lproj/InfoPlist.strings; sourceTree = "<group>"; };
		1F5783F7192B6E8000F22C87 /* main.m */ = {isa = PBXFileReference; lastKnownFileType = sourcecode.c.objc; path = main.m; sourceTree = "<group>"; };
		1F5783F9192B6E8000F22C87 /* myWeatherApp-Prefix.pch */ = {isa = PBXFileReference; lastKnownFileType = sourcecode.c.h; path = "myWeatherApp-Prefix.pch"; sourceTree = "<group>"; };
		1F5783FA192B6E8000F22C87 /* AppDelegate.h */ = {isa = PBXFileReference; lastKnownFileType = sourcecode.c.h; name = AppDelegate.h; path = myWeatherApp/AppDelegate.h; sourceTree = "<group>"; };
		1F5783FB192B6E8000F22C87 /* AppDelegate.m */ = {isa = PBXFileReference; lastKnownFileType = sourcecode.c.objc; name = AppDelegate.m; path = myWeatherApp/AppDelegate.m; sourceTree = "<group>"; };
		1F5783FE192B6E8000F22C87 /* Base */ = {isa = PBXFileReference; lastKnownFileType = file.storyboard; name = Base; path = Base.lproj/Main.storyboard; sourceTree = "<group>"; };
		1F578400192B6E8000F22C87 /* ViewController.h */ = {isa = PBXFileReference; lastKnownFileType = sourcecode.c.h; path = ViewController.h; sourceTree = "<group>"; };
		1F578401192B6E8000F22C87 /* ViewController.m */ = {isa = PBXFileReference; lastKnownFileType = sourcecode.c.objc; path = ViewController.m; sourceTree = "<group>"; };
		1F578403192B6E8000F22C87 /* Images.xcassets */ = {isa = PBXFileReference; lastKnownFileType = folder.assetcatalog; path = Images.xcassets; sourceTree = "<group>"; };
		1F578409192B6E8000F22C87 /* myWeatherAppTests.xctest */ = {isa = PBXFileReference; explicitFileType = wrapper.cfbundle; includeInIndex = 0; path = myWeatherAppTests.xctest; sourceTree = BUILT_PRODUCTS_DIR; };
		1F57840A192B6E8000F22C87 /* XCTest.framework */ = {isa = PBXFileReference; lastKnownFileType = wrapper.framework; name = XCTest.framework; path = Library/Frameworks/XCTest.framework; sourceTree = DEVELOPER_DIR; };
		1F578412192B6E8000F22C87 /* myWeatherAppTests-Info.plist */ = {isa = PBXFileReference; lastKnownFileType = text.plist.xml; path = "myWeatherAppTests-Info.plist"; sourceTree = "<group>"; };
		1F578414192B6E8000F22C87 /* en */ = {isa = PBXFileReference; lastKnownFileType = text.plist.strings; name = en; path = en.lproj/InfoPlist.strings; sourceTree = "<group>"; };
		1F578416192B6E8000F22C87 /* myWeatherAppTests.m */ = {isa = PBXFileReference; lastKnownFileType = sourcecode.c.objc; path = myWeatherAppTests.m; sourceTree = "<group>"; };
		1F5E2A4C192F1B42000C91E1 /* CitysCompleteForecastViewController.h */ = {isa = PBXFileReference; fileEncoding = 4; lastKnownFileType = sourcecode.c.h; path = CitysCompleteForecastViewController.h; sourceTree = "<group>"; };
		1F5E2A4D192F1B42000C91E1 /* CitysCompleteForecastViewController.m */ = {isa = PBXFileReference; fileEncoding = 4; lastKnownFileType = sourcecode.c.objc; path = CitysCompleteForecastViewController.m; sourceTree = "<group>"; };
		1F612D0E192CAFE800E691FF /* CoreLocation.framework */ = {isa = PBXFileReference; lastKnownFileType = wrapper.framework; name = CoreLocation.framework; path = System/Library/Frameworks/CoreLocation.framework; sourceTree = SDKROOT; };
		1F612D14192CC8AE00E691FF /* setting.png */ = {isa = PBXFileReference; lastKnownFileType = image.png; path = setting.png; sourceTree = "<group>"; };
		1F755897192CD0AE00DB3D21 /* LocationsViewController.h */ = {isa = PBXFileReference; fileEncoding = 4; lastKnownFileType = sourcecode.c.h; path = LocationsViewController.h; sourceTree = "<group>"; };
		1F755898192CD0AE00DB3D21 /* LocationsViewController.m */ = {isa = PBXFileReference; fileEncoding = 4; lastKnownFileType = sourcecode.c.objc; path = LocationsViewController.m; sourceTree = "<group>"; };
		1F75589B192CD64D00DB3D21 /* LocationSearchViewController.h */ = {isa = PBXFileReference; fileEncoding = 4; lastKnownFileType = sourcecode.c.h; path = LocationSearchViewController.h; sourceTree = "<group>"; };
		1F75589C192CD64D00DB3D21 /* LocationSearchViewController.m */ = {isa = PBXFileReference; fileEncoding = 4; lastKnownFileType = sourcecode.c.objc; path = LocationSearchViewController.m; sourceTree = "<group>"; };
/* End PBXFileReference section */

/* Begin PBXFrameworksBuildPhase section */
		1F5783E5192B6E8000F22C87 /* Frameworks */ = {
			isa = PBXFrameworksBuildPhase;
			buildActionMask = 2147483647;
			files = (
				1F319FDC192F6394005988AB /* CoreData.framework in Frameworks */,
				1F612D0F192CAFE800E691FF /* CoreLocation.framework in Frameworks */,
				1F5783EE192B6E8000F22C87 /* CoreGraphics.framework in Frameworks */,
				1F5783F0192B6E8000F22C87 /* UIKit.framework in Frameworks */,
				1F5783EC192B6E8000F22C87 /* Foundation.framework in Frameworks */,
			);
			runOnlyForDeploymentPostprocessing = 0;
		};
		1F578406192B6E8000F22C87 /* Frameworks */ = {
			isa = PBXFrameworksBuildPhase;
			buildActionMask = 2147483647;
			files = (
				1F57840B192B6E8000F22C87 /* XCTest.framework in Frameworks */,
				1F57840D192B6E8000F22C87 /* UIKit.framework in Frameworks */,
				1F57840C192B6E8000F22C87 /* Foundation.framework in Frameworks */,
			);
			runOnlyForDeploymentPostprocessing = 0;
		};
/* End PBXFrameworksBuildPhase section */

/* Begin PBXGroup section */
		1F04CFCD192C8766002516D2 /* ViewControllers */ = {
			isa = PBXGroup;
			children = (
				1F578400192B6E8000F22C87 /* ViewController.h */,
				1F578401192B6E8000F22C87 /* ViewController.m */,
				1F04CFCA192C875E002516D2 /* PageContentViewController.h */,
				1F04CFCB192C875E002516D2 /* PageContentViewController.m */,
				1F755897192CD0AE00DB3D21 /* LocationsViewController.h */,
				1F755898192CD0AE00DB3D21 /* LocationsViewController.m */,
				1F75589B192CD64D00DB3D21 /* LocationSearchViewController.h */,
				1F75589C192CD64D00DB3D21 /* LocationSearchViewController.m */,
				1F5E2A4C192F1B42000C91E1 /* CitysCompleteForecastViewController.h */,
				1F5E2A4D192F1B42000C91E1 /* CitysCompleteForecastViewController.m */,
				1F319F93192F5A85005988AB /* UILocationSearchNavViewController.h */,
				1F319F94192F5A85005988AB /* UILocationSearchNavViewController.m */,
			);
			name = ViewControllers;
			sourceTree = "<group>";
		};
		1F129A1C193339B200BAD7CE /* Coredata Classes */ = {
			isa = PBXGroup;
			children = (
				1F129A2D1933730200BAD7CE /* CitiesSaved.h */,
				1F129A2E1933730200BAD7CE /* CitiesSaved.m */,
				1F129A3C193382EC00BAD7CE /* WeatherList.h */,
				1F129A3D193382EC00BAD7CE /* WeatherList.m */,
				1F129A331933735800BAD7CE /* CityTemperature.h */,
				1F129A341933735800BAD7CE /* CityTemperature.m */,
			);
			name = "Coredata Classes";
			sourceTree = "<group>";
		};
		1F129A2319333F5300BAD7CE /* Application Specific */ = {
			isa = PBXGroup;
			children = (
				1F5783FA192B6E8000F22C87 /* AppDelegate.h */,
				1F5783FB192B6E8000F22C87 /* AppDelegate.m */,
				1F129A2419333F8B00BAD7CE /* AppContext.h */,
				1F129A2519333F8B00BAD7CE /* AppContext.m */,
			);
			name = "Application Specific";
			sourceTree = "<group>";
		};
		1F4F6894192DD7B400AA0DE0 /* JSON Objects */ = {
			isa = PBXGroup;
			children = (
				1F4F6895192DD7F200AA0DE0 /* Temperature.h */,
				1F4F6896192DD7F200AA0DE0 /* Temperature.m */,
				1F4F6899192DD8A700AA0DE0 /* Weather.h */,
				1F4F689A192DD8A700AA0DE0 /* Weather.m */,
				1F4F689C192DD90200AA0DE0 /* List.h */,
				1F4F689D192DD90200AA0DE0 /* List.m */,
				1F319F8F192F30C4005988AB /* CityList.h */,
				1F319F90192F30C4005988AB /* CityList.m */,
			);
			name = "JSON Objects";
			sourceTree = "<group>";
		};
		1F5783DF192B6E8000F22C87 = {
			isa = PBXGroup;
			children = (
				1F129A2319333F5300BAD7CE /* Application Specific */,
				1F5783F1192B6E8000F22C87 /* myWeatherApp */,
				1F578410192B6E8000F22C87 /* myWeatherAppTests */,
				1F5783EA192B6E8000F22C87 /* Frameworks */,
				1F5783E9192B6E8000F22C87 /* Products */,
			);
			sourceTree = "<group>";
		};
		1F5783E9192B6E8000F22C87 /* Products */ = {
			isa = PBXGroup;
			children = (
				1F5783E8192B6E8000F22C87 /* myWeatherApp.app */,
				1F578409192B6E8000F22C87 /* myWeatherAppTests.xctest */,
			);
			name = Products;
			sourceTree = "<group>";
		};
		1F5783EA192B6E8000F22C87 /* Frameworks */ = {
			isa = PBXGroup;
			children = (
				1F319FDB192F6394005988AB /* CoreData.framework */,
				1F612D0E192CAFE800E691FF /* CoreLocation.framework */,
				1F5783EB192B6E8000F22C87 /* Foundation.framework */,
				1F5783ED192B6E8000F22C87 /* CoreGraphics.framework */,
				1F5783EF192B6E8000F22C87 /* UIKit.framework */,
				1F57840A192B6E8000F22C87 /* XCTest.framework */,
			);
			name = Frameworks;
			sourceTree = "<group>";
		};
		1F5783F1192B6E8000F22C87 /* myWeatherApp */ = {
			isa = PBXGroup;
			children = (
				1F129A1C193339B200BAD7CE /* Coredata Classes */,
				1F4F6894192DD7B400AA0DE0 /* JSON Objects */,
				1F04CFCD192C8766002516D2 /* ViewControllers */,
				1F5783FD192B6E8000F22C87 /* Main.storyboard */,
				1F578403192B6E8000F22C87 /* Images.xcassets */,
				1F5783F2192B6E8000F22C87 /* Supporting Files */,
			);
			path = myWeatherApp;
			sourceTree = "<group>";
		};
		1F5783F2192B6E8000F22C87 /* Supporting Files */ = {
			isa = PBXGroup;
			children = (
				1F319F96192F6082005988AB /* WeatherData.xcdatamodeld */,
				1F612D14192CC8AE00E691FF /* setting.png */,
				1F5783F3192B6E8000F22C87 /* myWeatherApp-Info.plist */,
				1F5783F4192B6E8000F22C87 /* InfoPlist.strings */,
				1F5783F7192B6E8000F22C87 /* main.m */,
				1F5783F9192B6E8000F22C87 /* myWeatherApp-Prefix.pch */,
			);
			name = "Supporting Files";
			sourceTree = "<group>";
		};
		1F578410192B6E8000F22C87 /* myWeatherAppTests */ = {
			isa = PBXGroup;
			children = (
				1F578416192B6E8000F22C87 /* myWeatherAppTests.m */,
				1F578411192B6E8000F22C87 /* Supporting Files */,
			);
			path = myWeatherAppTests;
			sourceTree = "<group>";
		};
		1F578411192B6E8000F22C87 /* Supporting Files */ = {
			isa = PBXGroup;
			children = (
				1F578412192B6E8000F22C87 /* myWeatherAppTests-Info.plist */,
				1F578413192B6E8000F22C87 /* InfoPlist.strings */,
			);
			name = "Supporting Files";
			sourceTree = "<group>";
		};
/* End PBXGroup section */

/* Begin PBXNativeTarget section */
		1F5783E7192B6E8000F22C87 /* myWeatherApp */ = {
			isa = PBXNativeTarget;
			buildConfigurationList = 1F57841A192B6E8000F22C87 /* Build configuration list for PBXNativeTarget "myWeatherApp" */;
			buildPhases = (
				1F5783E4192B6E8000F22C87 /* Sources */,
				1F5783E5192B6E8000F22C87 /* Frameworks */,
				1F5783E6192B6E8000F22C87 /* Resources */,
			);
			buildRules = (
			);
			dependencies = (
			);
			name = myWeatherApp;
			productName = myWeatherApp;
			productReference = 1F5783E8192B6E8000F22C87 /* myWeatherApp.app */;
			productType = "com.apple.product-type.application";
		};
		1F578408192B6E8000F22C87 /* myWeatherAppTests */ = {
			isa = PBXNativeTarget;
			buildConfigurationList = 1F57841D192B6E8000F22C87 /* Build configuration list for PBXNativeTarget "myWeatherAppTests" */;
			buildPhases = (
				1F578405192B6E8000F22C87 /* Sources */,
				1F578406192B6E8000F22C87 /* Frameworks */,
				1F578407192B6E8000F22C87 /* Resources */,
			);
			buildRules = (
			);
			dependencies = (
				1F57840F192B6E8000F22C87 /* PBXTargetDependency */,
			);
			name = myWeatherAppTests;
			productName = myWeatherAppTests;
			productReference = 1F578409192B6E8000F22C87 /* myWeatherAppTests.xctest */;
			productType = "com.apple.product-type.bundle.unit-test";
		};
/* End PBXNativeTarget section */

/* Begin PBXProject section */
		1F5783E0192B6E8000F22C87 /* Project object */ = {
			isa = PBXProject;
			attributes = {
				LastUpgradeCheck = 0510;
				ORGANIZATIONNAME = test;
				TargetAttributes = {
					1F578408192B6E8000F22C87 = {
						TestTargetID = 1F5783E7192B6E8000F22C87;
					};
				};
			};
			buildConfigurationList = 1F5783E3192B6E8000F22C87 /* Build configuration list for PBXProject "myWeatherApp" */;
			compatibilityVersion = "Xcode 3.2";
			developmentRegion = English;
			hasScannedForEncodings = 0;
			knownRegions = (
				en,
				Base,
			);
			mainGroup = 1F5783DF192B6E8000F22C87;
			productRefGroup = 1F5783E9192B6E8000F22C87 /* Products */;
			projectDirPath = "";
			projectRoot = "";
			targets = (
				1F5783E7192B6E8000F22C87 /* myWeatherApp */,
				1F578408192B6E8000F22C87 /* myWeatherAppTests */,
			);
		};
/* End PBXProject section */

/* Begin PBXResourcesBuildPhase section */
		1F5783E6192B6E8000F22C87 /* Resources */ = {
			isa = PBXResourcesBuildPhase;
			buildActionMask = 2147483647;
			files = (
				1F578404192B6E8000F22C87 /* Images.xcassets in Resources */,
				1F5783F6192B6E8000F22C87 /* InfoPlist.strings in Resources */,
				1F5783FF192B6E8000F22C87 /* Main.storyboard in Resources */,
				1F612D15192CC8AE00E691FF /* setting.png in Resources */,
			);
			runOnlyForDeploymentPostprocessing = 0;
		};
		1F578407192B6E8000F22C87 /* Resources */ = {
			isa = PBXResourcesBuildPhase;
			buildActionMask = 2147483647;
			files = (
				1F578415192B6E8000F22C87 /* InfoPlist.strings in Resources */,
			);
			runOnlyForDeploymentPostprocessing = 0;
		};
/* End PBXResourcesBuildPhase section */

/* Begin PBXSourcesBuildPhase section */
		1F5783E4192B6E8000F22C87 /* Sources */ = {
			isa = PBXSourcesBuildPhase;
			buildActionMask = 2147483647;
			files = (
				1F4F6897192DD7F200AA0DE0 /* Temperature.m in Sources */,
				1F129A2F1933730200BAD7CE /* CitiesSaved.m in Sources */,
				1F578402192B6E8000F22C87 /* ViewController.m in Sources */,
				1F129A351933735800BAD7CE /* CityTemperature.m in Sources */,
				1F319F95192F5A85005988AB /* UILocationSearchNavViewController.m in Sources */,
				1F319F91192F30C4005988AB /* CityList.m in Sources */,
				1F04CFCC192C875E002516D2 /* PageContentViewController.m in Sources */,
				1F4F689E192DD90200AA0DE0 /* List.m in Sources */,
				1F755899192CD0AE00DB3D21 /* LocationsViewController.m in Sources */,
				1F4F689B192DD8A700AA0DE0 /* Weather.m in Sources */,
				1F75589D192CD64D00DB3D21 /* LocationSearchViewController.m in Sources */,
				1F5E2A4E192F1B42000C91E1 /* CitysCompleteForecastViewController.m in Sources */,
				1F319F98192F6082005988AB /* WeatherData.xcdatamodeld in Sources */,
				1F5783FC192B6E8000F22C87 /* AppDelegate.m in Sources */,
				1F129A3E193382EC00BAD7CE /* WeatherList.m in Sources */,
				1F129A2619333F8B00BAD7CE /* AppContext.m in Sources */,
				1F5783F8192B6E8000F22C87 /* main.m in Sources */,
			);
			runOnlyForDeploymentPostprocessing = 0;
		};
		1F578405192B6E8000F22C87 /* Sources */ = {
			isa = PBXSourcesBuildPhase;
			buildActionMask = 2147483647;
			files = (
				1F578417192B6E8000F22C87 /* myWeatherAppTests.m in Sources */,
			);
			runOnlyForDeploymentPostprocessing = 0;
		};
/* End PBXSourcesBuildPhase section */

/* Begin PBXTargetDependency section */
		1F57840F192B6E8000F22C87 /* PBXTargetDependency */ = {
			isa = PBXTargetDependency;
			target = 1F5783E7192B6E8000F22C87 /* myWeatherApp */;
			targetProxy = 1F57840E192B6E8000F22C87 /* PBXContainerItemProxy */;
		};
/* End PBXTargetDependency section */

/* Begin PBXVariantGroup section */
		1F5783F4192B6E8000F22C87 /* InfoPlist.strings */ = {
			isa = PBXVariantGroup;
			children = (
				1F5783F5192B6E8000F22C87 /* en */,
			);
			name = InfoPlist.strings;
			sourceTree = "<group>";
		};
		1F5783FD192B6E8000F22C87 /* Main.storyboard */ = {
			isa = PBXVariantGroup;
			children = (
				1F5783FE192B6E8000F22C87 /* Base */,
			);
			name = Main.storyboard;
			sourceTree = "<group>";
		};
		1F578413192B6E8000F22C87 /* InfoPlist.strings */ = {
			isa = PBXVariantGroup;
			children = (
				1F578414192B6E8000F22C87 /* en */,
			);
			name = InfoPlist.strings;
			sourceTree = "<group>";
		};
/* End PBXVariantGroup section */

/* Begin XCBuildConfiguration section */
		1F578418192B6E8000F22C87 /* Debug */ = {
			isa = XCBuildConfiguration;
			buildSettings = {
				ALWAYS_SEARCH_USER_PATHS = NO;
				CLANG_CXX_LANGUAGE_STANDARD = "gnu++0x";
				CLANG_CXX_LIBRARY = "libc++";
				CLANG_ENABLE_MODULES = YES;
				CLANG_ENABLE_OBJC_ARC = YES;
				CLANG_WARN_BOOL_CONVERSION = YES;
				CLANG_WARN_CONSTANT_CONVERSION = YES;
				CLANG_WARN_DIRECT_OBJC_ISA_USAGE = YES_ERROR;
				CLANG_WARN_EMPTY_BODY = YES;
				CLANG_WARN_ENUM_CONVERSION = YES;
				CLANG_WARN_INT_CONVERSION = YES;
				CLANG_WARN_OBJC_ROOT_CLASS = YES_ERROR;
				CLANG_WARN__DUPLICATE_METHOD_MATCH = YES;
				CODE_SIGN_IDENTITY = "iPhone Distribution: Aptara, Inc.";
				"CODE_SIGN_IDENTITY[sdk=iphoneos*]" = "iPhone Distribution: Aptara, Inc.";
				COPY_PHASE_STRIP = NO;
				GCC_C_LANGUAGE_STANDARD = gnu99;
				GCC_DYNAMIC_NO_PIC = NO;
				GCC_OPTIMIZATION_LEVEL = 0;
				GCC_PREPROCESSOR_DEFINITIONS = (
					"DEBUG=1",
					"$(inherited)",
				);
				GCC_SYMBOLS_PRIVATE_EXTERN = NO;
				GCC_WARN_64_TO_32_BIT_CONVERSION = YES;
				GCC_WARN_ABOUT_RETURN_TYPE = YES_ERROR;
				GCC_WARN_UNDECLARED_SELECTOR = YES;
				GCC_WARN_UNINITIALIZED_AUTOS = YES_AGGRESSIVE;
				GCC_WARN_UNUSED_FUNCTION = YES;
				GCC_WARN_UNUSED_VARIABLE = YES;
				IPHONEOS_DEPLOYMENT_TARGET = 6.0;
				ONLY_ACTIVE_ARCH = YES;
				SDKROOT = iphoneos;
				TARGETED_DEVICE_FAMILY = 2;
			};
			name = Debug;
		};
		1F578419192B6E8000F22C87 /* Release */ = {
			isa = XCBuildConfiguration;
			buildSettings = {
				ALWAYS_SEARCH_USER_PATHS = NO;
				CLANG_CXX_LANGUAGE_STANDARD = "gnu++0x";
				CLANG_CXX_LIBRARY = "libc++";
				CLANG_ENABLE_MODULES = YES;
				CLANG_ENABLE_OBJC_ARC = YES;
				CLANG_WARN_BOOL_CONVERSION = YES;
				CLANG_WARN_CONSTANT_CONVERSION = YES;
				CLANG_WARN_DIRECT_OBJC_ISA_USAGE = YES_ERROR;
				CLANG_WARN_EMPTY_BODY = YES;
				CLANG_WARN_ENUM_CONVERSION = YES;
				CLANG_WARN_INT_CONVERSION = YES;
				CLANG_WARN_OBJC_ROOT_CLASS = YES_ERROR;
				CLANG_WARN__DUPLICATE_METHOD_MATCH = YES;
				CODE_SIGN_IDENTITY = "iPhone Distribution: Aptara, Inc.";
				"CODE_SIGN_IDENTITY[sdk=iphoneos*]" = "iPhone Distribution: Aptara, Inc.";
				COPY_PHASE_STRIP = YES;
				ENABLE_NS_ASSERTIONS = NO;
				GCC_C_LANGUAGE_STANDARD = gnu99;
				GCC_WARN_64_TO_32_BIT_CONVERSION = YES;
				GCC_WARN_ABOUT_RETURN_TYPE = YES_ERROR;
				GCC_WARN_UNDECLARED_SELECTOR = YES;
				GCC_WARN_UNINITIALIZED_AUTOS = YES_AGGRESSIVE;
				GCC_WARN_UNUSED_FUNCTION = YES;
				GCC_WARN_UNUSED_VARIABLE = YES;
				IPHONEOS_DEPLOYMENT_TARGET = 6.0;
				SDKROOT = iphoneos;
				TARGETED_DEVICE_FAMILY = 2;
				VALIDATE_PRODUCT = YES;
			};
			name = Release;
		};
		1F57841B192B6E8000F22C87 /* Debug */ = {
			isa = XCBuildConfiguration;
			buildSettings = {
				ASSETCATALOG_COMPILER_APPICON_NAME = AppIcon;
				ASSETCATALOG_COMPILER_LAUNCHIMAGE_NAME = LaunchImage;
				GCC_PRECOMPILE_PREFIX_HEADER = YES;
				GCC_PREFIX_HEADER = "myWeatherApp/myWeatherApp-Prefix.pch";
				INFOPLIST_FILE = "myWeatherApp/myWeatherApp-Info.plist";
				PRODUCT_NAME = "$(TARGET_NAME)";
				WRAPPER_EXTENSION = app;
			};
			name = Debug;
		};
		1F57841C192B6E8000F22C87 /* Release */ = {
			isa = XCBuildConfiguration;
			buildSettings = {
				ASSETCATALOG_COMPILER_APPICON_NAME = AppIcon;
				ASSETCATALOG_COMPILER_LAUNCHIMAGE_NAME = LaunchImage;
				GCC_PRECOMPILE_PREFIX_HEADER = YES;
				GCC_PREFIX_HEADER = "myWeatherApp/myWeatherApp-Prefix.pch";
				INFOPLIST_FILE = "myWeatherApp/myWeatherApp-Info.plist";
				PRODUCT_NAME = "$(TARGET_NAME)";
				WRAPPER_EXTENSION = app;
			};
			name = Release;
		};
		1F57841E192B6E8000F22C87 /* Debug */ = {
			isa = XCBuildConfiguration;
			buildSettings = {
				BUNDLE_LOADER = "$(BUILT_PRODUCTS_DIR)/myWeatherApp.app/myWeatherApp";
				FRAMEWORK_SEARCH_PATHS = (
					"$(SDKROOT)/Developer/Library/Frameworks",
					"$(inherited)",
					"$(DEVELOPER_FRAMEWORKS_DIR)",
				);
				GCC_PRECOMPILE_PREFIX_HEADER = YES;
				GCC_PREFIX_HEADER = "myWeatherApp/myWeatherApp-Prefix.pch";
				GCC_PREPROCESSOR_DEFINITIONS = (
					"DEBUG=1",
					"$(inherited)",
				);
				INFOPLIST_FILE = "myWeatherAppTests/myWeatherAppTests-Info.plist";
				PRODUCT_NAME = "$(TARGET_NAME)";
				TEST_HOST = "$(BUNDLE_LOADER)";
				WRAPPER_EXTENSION = xctest;
			};
			name = Debug;
		};
		1F57841F192B6E8000F22C87 /* Release */ = {
			isa = XCBuildConfiguration;
			buildSettings = {
				BUNDLE_LOADER = "$(BUILT_PRODUCTS_DIR)/myWeatherApp.app/myWeatherApp";
				FRAMEWORK_SEARCH_PATHS = (
					"$(SDKROOT)/Developer/Library/Frameworks",
					"$(inherited)",
					"$(DEVELOPER_FRAMEWORKS_DIR)",
				);
				GCC_PRECOMPILE_PREFIX_HEADER = YES;
				GCC_PREFIX_HEADER = "myWeatherApp/myWeatherApp-Prefix.pch";
				INFOPLIST_FILE = "myWeatherAppTests/myWeatherAppTests-Info.plist";
				PRODUCT_NAME = "$(TARGET_NAME)";
				TEST_HOST = "$(BUNDLE_LOADER)";
				WRAPPER_EXTENSION = xctest;
			};
			name = Release;
		};
/* End XCBuildConfiguration section */

/* Begin XCConfigurationList section */
		1F5783E3192B6E8000F22C87 /* Build configuration list for PBXProject "myWeatherApp" */ = {
			isa = XCConfigurationList;
			buildConfigurations = (
				1F578418192B6E8000F22C87 /* Debug */,
				1F578419192B6E8000F22C87 /* Release */,
			);
			defaultConfigurationIsVisible = 0;
			defaultConfigurationName = Release;
		};
		1F57841A192B6E8000F22C87 /* Build configuration list for PBXNativeTarget "myWeatherApp" */ = {
			isa = XCConfigurationList;
			buildConfigurations = (
				1F57841B192B6E8000F22C87 /* Debug */,
				1F57841C192B6E8000F22C87 /* Release */,
			);
			defaultConfigurationIsVisible = 0;
			defaultConfigurationName = Release;
		};
		1F57841D192B6E8000F22C87 /* Build configuration list for PBXNativeTarget "myWeatherAppTests" */ = {
			isa = XCConfigurationList;
			buildConfigurations = (
				1F57841E192B6E8000F22C87 /* Debug */,
				1F57841F192B6E8000F22C87 /* Release */,
			);
			defaultConfigurationIsVisible = 0;
			defaultConfigurationName = Release;
		};
/* End XCConfigurationList section */

/* Begin XCVersionGroup section */
		1F319F96192F6082005988AB /* WeatherData.xcdatamodeld */ = {
			isa = XCVersionGroup;
			children = (
				1F319F97192F6082005988AB /* WeatherData.xcdatamodel */,
			);
			currentVersion = 1F319F97192F6082005988AB /* WeatherData.xcdatamodel */;
			path = WeatherData.xcdatamodeld;
			sourceTree = "<group>";
			versionGroupType = wrapper.xcdatamodel;
		};
/* End XCVersionGroup section */
	};
	rootObject = 1F5783E0192B6E8000F22C87 /* Project object */;
}
